
Microsoft Visual Studio Solution File, Format Version 12.00
# Visual Studio Version 17
VisualStudioVersion = 17.5.33627.172
MinimumVisualStudioVersion = 10.0.40219.1
Project("{FAE04EC0-301F-11D3-BF4B-00C04F79EFBC}") = "ucp_pabd", "ucp_pabd\ucp_pabd.csproj", "{B9A91157-6715-4838-ADBE-421179CFC992}"
EndProject
Global
	GlobalSection(SolutionConfigurationPlatforms) = preSolution
		Debug|Any CPU = Debug|Any CPU
		Release|Any CPU = Release|Any CPU
	EndGlobalSection
	GlobalSection(ProjectConfigurationPlatforms) = postSolution
		{B9A91157-6715-4838-ADBE-421179CFC992}.Debug|Any CPU.ActiveCfg = Debug|Any CPU
		{B9A91157-6715-4838-ADBE-421179CFC992}.Debug|Any CPU.Build.0 = Debug|Any CPU
		{B9A91157-6715-4838-ADBE-421179CFC992}.Release|Any CPU.ActiveCfg = Release|Any CPU
		{B9A91157-6715-4838-ADBE-421179CFC992}.Release|Any CPU.Build.0 = Release|Any CPU
	EndGlobalSection
	GlobalSection(SolutionProperties) = preSolution
		HideSolutionNode = FALSE
	EndGlobalSection
	GlobalSection(ExtensibilityGlobals) = postSolution
		SolutionGuid = {FC827C67-E1FC-4E84-BE52-318DA2ED4C44}
	EndGlobalSection
EndGlobal
